
Microsoft Visual Studio Solution File, Format Version 12.00
# Visual Studio Version 16
VisualStudioVersion = 16.0.29209.62
MinimumVisualStudioVersion = 10.0.40219.1
Project("{FAE04EC0-301F-11D3-BF4B-00C04F79EFBC}") = "GuldSmed", "GuldSmed.csproj", "{ECA3D67F-026D-4545-B27F-40032FC75696}"
EndProject
Global
	GlobalSection(SolutionConfigurationPlatforms) = preSolution
		Debug|Any CPU = Debug|Any CPU
		Release|Any CPU = Release|Any CPU
	EndGlobalSection
	GlobalSection(ProjectConfigurationPlatforms) = postSolution
		{ECA3D67F-026D-4545-B27F-40032FC75696}.Debug|Any CPU.ActiveCfg = Debug|Any CPU
		{ECA3D67F-026D-4545-B27F-40032FC75696}.Debug|Any CPU.Build.0 = Debug|Any CPU
		{ECA3D67F-026D-4545-B27F-40032FC75696}.Release|Any CPU.ActiveCfg = Release|Any CPU
		{ECA3D67F-026D-4545-B27F-40032FC75696}.Release|Any CPU.Build.0 = Release|Any CPU
	EndGlobalSection
	GlobalSection(SolutionProperties) = preSolution
		HideSolutionNode = FALSE
	EndGlobalSection
	GlobalSection(ExtensibilityGlobals) = postSolution
		SolutionGuid = {D31D0AF0-0299-46AA-9F48-2D7E0874650C}
	EndGlobalSection
EndGlobal
